
Microsoft Visual Studio Solution File, Format Version 12.00
# Visual Studio Version 16
VisualStudioVersion = 16.0.31410.357
MinimumVisualStudioVersion = 10.0.40219.1
Project("{FAE04EC0-301F-11D3-BF4B-00C04F79EFBC}") = "BlazorFormsNetHosted.Server", "Server\BlazorFormsNetHosted.Server.csproj", "{35252784-FC87-43CC-BF03-6D205F8BDAA6}"
EndProject
Project("{FAE04EC0-301F-11D3-BF4B-00C04F79EFBC}") = "BlazorFormsNetHosted.Client", "Client\BlazorFormsNetHosted.Client.csproj", "{9B71C72B-7F64-4F7B-970C-8256CB50FBF2}"
EndProject
Project("{FAE04EC0-301F-11D3-BF4B-00C04F79EFBC}") = "BlazorFormsNetHosted.Shared", "Shared\BlazorFormsNetHosted.Shared.csproj", "{0F26DA25-72D2-4CDD-B319-7A7B08AF0BA6}"
EndProject
Global
	GlobalSection(SolutionConfigurationPlatforms) = preSolution
		Debug|Any CPU = Debug|Any CPU
		Release|Any CPU = Release|Any CPU
	EndGlobalSection
	GlobalSection(ProjectConfigurationPlatforms) = postSolution
		{35252784-FC87-43CC-BF03-6D205F8BDAA6}.Debug|Any CPU.ActiveCfg = Debug|Any CPU
		{35252784-FC87-43CC-BF03-6D205F8BDAA6}.Debug|Any CPU.Build.0 = Debug|Any CPU
		{35252784-FC87-43CC-BF03-6D205F8BDAA6}.Release|Any CPU.ActiveCfg = Release|Any CPU
		{35252784-FC87-43CC-BF03-6D205F8BDAA6}.Release|Any CPU.Build.0 = Release|Any CPU
		{9B71C72B-7F64-4F7B-970C-8256CB50FBF2}.Debug|Any CPU.ActiveCfg = Debug|Any CPU
		{9B71C72B-7F64-4F7B-970C-8256CB50FBF2}.Debug|Any CPU.Build.0 = Debug|Any CPU
		{9B71C72B-7F64-4F7B-970C-8256CB50FBF2}.Release|Any CPU.ActiveCfg = Release|Any CPU
		{9B71C72B-7F64-4F7B-970C-8256CB50FBF2}.Release|Any CPU.Build.0 = Release|Any CPU
		{0F26DA25-72D2-4CDD-B319-7A7B08AF0BA6}.Debug|Any CPU.ActiveCfg = Debug|Any CPU
		{0F26DA25-72D2-4CDD-B319-7A7B08AF0BA6}.Debug|Any CPU.Build.0 = Debug|Any CPU
		{0F26DA25-72D2-4CDD-B319-7A7B08AF0BA6}.Release|Any CPU.ActiveCfg = Release|Any CPU
		{0F26DA25-72D2-4CDD-B319-7A7B08AF0BA6}.Release|Any CPU.Build.0 = Release|Any CPU
	EndGlobalSection
	GlobalSection(SolutionProperties) = preSolution
		HideSolutionNode = FALSE
	EndGlobalSection
	GlobalSection(ExtensibilityGlobals) = postSolution
		SolutionGuid = {B09B80EE-2A2C-4E32-BE72-5BFBC01C4FBA}
	EndGlobalSection
EndGlobal
